// !$*UTF8*$!
{
	archiveVersion = 1;
	classes = {
	};
	objectVersion = 56;
	objects = {

/* Begin PBXBuildFile section */
		FBFE800F2C8E230A00877C30 /* PromovaTestApp.swift in Sources */ = {isa = PBXBuildFile; fileRef = FBFE800E2C8E230A00877C30 /* PromovaTestApp.swift */; };
		FBFE80132C8E230B00877C30 /* Assets.xcassets in Resources */ = {isa = PBXBuildFile; fileRef = FBFE80122C8E230B00877C30 /* Assets.xcassets */; };
		FBFE80162C8E230B00877C30 /* Preview Assets.xcassets in Resources */ = {isa = PBXBuildFile; fileRef = FBFE80152C8E230B00877C30 /* Preview Assets.xcassets */; };
		FBFE80272C8E2A9000877C30 /* ComposableArchitecture in Frameworks */ = {isa = PBXBuildFile; productRef = FBFE80262C8E2A9000877C30 /* ComposableArchitecture */; };
		FBFE802C2C8E302C00877C30 /* AnimalCategoryListView.swift in Sources */ = {isa = PBXBuildFile; fileRef = FBFE802B2C8E302C00877C30 /* AnimalCategoryListView.swift */; };
		FBFE802F2C8E304400877C30 /* AnimalCategoryListReducer.swift in Sources */ = {isa = PBXBuildFile; fileRef = FBFE802E2C8E304400877C30 /* AnimalCategoryListReducer.swift */; };
		FBFE80352C8E507E00877C30 /* AnimalApi.swift in Sources */ = {isa = PBXBuildFile; fileRef = FBFE80342C8E507E00877C30 /* AnimalApi.swift */; };
		FBFE80382C8E50C900877C30 /* AnimalCategory.swift in Sources */ = {isa = PBXBuildFile; fileRef = FBFE80372C8E50C900877C30 /* AnimalCategory.swift */; };
/* End PBXBuildFile section */

/* Begin PBXFileReference section */
		FBFE800B2C8E230A00877C30 /* PromovaTest.app */ = {isa = PBXFileReference; explicitFileType = wrapper.application; includeInIndex = 0; path = PromovaTest.app; sourceTree = BUILT_PRODUCTS_DIR; };
		FBFE800E2C8E230A00877C30 /* PromovaTestApp.swift */ = {isa = PBXFileReference; lastKnownFileType = sourcecode.swift; path = PromovaTestApp.swift; sourceTree = "<group>"; };
		FBFE80122C8E230B00877C30 /* Assets.xcassets */ = {isa = PBXFileReference; lastKnownFileType = folder.assetcatalog; path = Assets.xcassets; sourceTree = "<group>"; };
		FBFE80152C8E230B00877C30 /* Preview Assets.xcassets */ = {isa = PBXFileReference; lastKnownFileType = folder.assetcatalog; path = "Preview Assets.xcassets"; sourceTree = "<group>"; };
		FBFE802B2C8E302C00877C30 /* AnimalCategoryListView.swift */ = {isa = PBXFileReference; lastKnownFileType = sourcecode.swift; path = AnimalCategoryListView.swift; sourceTree = "<group>"; };
		FBFE802E2C8E304400877C30 /* AnimalCategoryListReducer.swift */ = {isa = PBXFileReference; lastKnownFileType = sourcecode.swift; path = AnimalCategoryListReducer.swift; sourceTree = "<group>"; };
		FBFE80342C8E507E00877C30 /* AnimalApi.swift */ = {isa = PBXFileReference; lastKnownFileType = sourcecode.swift; path = AnimalApi.swift; sourceTree = "<group>"; };
		FBFE80372C8E50C900877C30 /* AnimalCategory.swift */ = {isa = PBXFileReference; lastKnownFileType = sourcecode.swift; path = AnimalCategory.swift; sourceTree = "<group>"; };
/* End PBXFileReference section */

/* Begin PBXFrameworksBuildPhase section */
		FBFE80082C8E230A00877C30 /* Frameworks */ = {
			isa = PBXFrameworksBuildPhase;
			buildActionMask = 2147483647;
			files = (
				FBFE80272C8E2A9000877C30 /* ComposableArchitecture in Frameworks */,
			);
			runOnlyForDeploymentPostprocessing = 0;
		};
/* End PBXFrameworksBuildPhase section */

/* Begin PBXGroup section */
		FBFE80022C8E230900877C30 = {
			isa = PBXGroup;
			children = (
				FBFE800D2C8E230A00877C30 /* PromovaTest */,
				FBFE800C2C8E230A00877C30 /* Products */,
			);
			sourceTree = "<group>";
		};
		FBFE800C2C8E230A00877C30 /* Products */ = {
			isa = PBXGroup;
			children = (
				FBFE800B2C8E230A00877C30 /* PromovaTest.app */,
			);
			name = Products;
			sourceTree = "<group>";
		};
		FBFE800D2C8E230A00877C30 /* PromovaTest */ = {
			isa = PBXGroup;
			children = (
				FBFE80292C8E300300877C30 /* Source */,
				FBFE800E2C8E230A00877C30 /* PromovaTestApp.swift */,
				FBFE80122C8E230B00877C30 /* Assets.xcassets */,
				FBFE80142C8E230B00877C30 /* Preview Content */,
			);
			path = PromovaTest;
			sourceTree = "<group>";
		};
		FBFE80142C8E230B00877C30 /* Preview Content */ = {
			isa = PBXGroup;
			children = (
				FBFE80152C8E230B00877C30 /* Preview Assets.xcassets */,
			);
			path = "Preview Content";
			sourceTree = "<group>";
		};
		FBFE80282C8E2FBA00877C30 /* Features */ = {
			isa = PBXGroup;
			children = (
				FBFE802A2C8E301400877C30 /* AnimalCategoryList */,
			);
			path = Features;
			sourceTree = "<group>";
		};
		FBFE80292C8E300300877C30 /* Source */ = {
			isa = PBXGroup;
			children = (
				FBFE80362C8E50BE00877C30 /* Model */,
				FBFE80332C8E505100877C30 /* Network */,
				FBFE80282C8E2FBA00877C30 /* Features */,
			);
			path = Source;
			sourceTree = "<group>";
		};
		FBFE802A2C8E301400877C30 /* AnimalCategoryList */ = {
			isa = PBXGroup;
			children = (
				FBFE802B2C8E302C00877C30 /* AnimalCategoryListView.swift */,
				FBFE802E2C8E304400877C30 /* AnimalCategoryListReducer.swift */,
			);
			path = AnimalCategoryList;
			sourceTree = "<group>";
		};
		FBFE80332C8E505100877C30 /* Network */ = {
			isa = PBXGroup;
			children = (
				FBFE80342C8E507E00877C30 /* AnimalApi.swift */,
			);
			path = Network;
			sourceTree = "<group>";
		};
		FBFE80362C8E50BE00877C30 /* Model */ = {
			isa = PBXGroup;
			children = (
				FBFE80372C8E50C900877C30 /* AnimalCategory.swift */,
			);
			path = Model;
			sourceTree = "<group>";
		};
/* End PBXGroup section */

/* Begin PBXNativeTarget section */
		FBFE800A2C8E230A00877C30 /* PromovaTest */ = {
			isa = PBXNativeTarget;
			buildConfigurationList = FBFE80192C8E230B00877C30 /* Build configuration list for PBXNativeTarget "PromovaTest" */;
			buildPhases = (
				FBFE80072C8E230A00877C30 /* Sources */,
				FBFE80082C8E230A00877C30 /* Frameworks */,
				FBFE80092C8E230A00877C30 /* Resources */,
			);
			buildRules = (
			);
			dependencies = (
			);
			name = PromovaTest;
			packageProductDependencies = (
				FBFE80262C8E2A9000877C30 /* ComposableArchitecture */,
			);
			productName = PromovaTest;
			productReference = FBFE800B2C8E230A00877C30 /* PromovaTest.app */;
			productType = "com.apple.product-type.application";
		};
/* End PBXNativeTarget section */

/* Begin PBXProject section */
		FBFE80032C8E230900877C30 /* Project object */ = {
			isa = PBXProject;
			attributes = {
				BuildIndependentTargetsInParallel = 1;
				LastSwiftUpdateCheck = 1540;
				LastUpgradeCheck = 1540;
				TargetAttributes = {
					FBFE800A2C8E230A00877C30 = {
						CreatedOnToolsVersion = 15.4;
					};
				};
			};
			buildConfigurationList = FBFE80062C8E230900877C30 /* Build configuration list for PBXProject "PromovaTest" */;
			compatibilityVersion = "Xcode 14.0";
			developmentRegion = en;
			hasScannedForEncodings = 0;
			knownRegions = (
				en,
				Base,
			);
			mainGroup = FBFE80022C8E230900877C30;
			packageReferences = (
				FBFE80252C8E2A9000877C30 /* XCRemoteSwiftPackageReference "swift-composable-architecture" */,
			);
			productRefGroup = FBFE800C2C8E230A00877C30 /* Products */;
			projectDirPath = "";
			projectRoot = "";
			targets = (
				FBFE800A2C8E230A00877C30 /* PromovaTest */,
			);
		};
/* End PBXProject section */

/* Begin PBXResourcesBuildPhase section */
		FBFE80092C8E230A00877C30 /* Resources */ = {
			isa = PBXResourcesBuildPhase;
			buildActionMask = 2147483647;
			files = (
				FBFE80162C8E230B00877C30 /* Preview Assets.xcassets in Resources */,
				FBFE80132C8E230B00877C30 /* Assets.xcassets in Resources */,
			);
			runOnlyForDeploymentPostprocessing = 0;
		};
/* End PBXResourcesBuildPhase section */

/* Begin PBXSourcesBuildPhase section */
		FBFE80072C8E230A00877C30 /* Sources */ = {
			isa = PBXSourcesBuildPhase;
			buildActionMask = 2147483647;
			files = (
				FBFE802F2C8E304400877C30 /* AnimalCategoryListReducer.swift in Sources */,
				FBFE800F2C8E230A00877C30 /* PromovaTestApp.swift in Sources */,
				FBFE80352C8E507E00877C30 /* AnimalApi.swift in Sources */,
				FBFE802C2C8E302C00877C30 /* AnimalCategoryListView.swift in Sources */,
				FBFE80382C8E50C900877C30 /* AnimalCategory.swift in Sources */,
			);
			runOnlyForDeploymentPostprocessing = 0;
		};
/* End PBXSourcesBuildPhase section */

/* Begin XCBuildConfiguration section */
		FBFE80172C8E230B00877C30 /* Debug */ = {
			isa = XCBuildConfiguration;
			buildSettings = {
				ALWAYS_SEARCH_USER_PATHS = NO;
				ASSETCATALOG_COMPILER_GENERATE_SWIFT_ASSET_SYMBOL_EXTENSIONS = YES;
				CLANG_ANALYZER_NONNULL = YES;
				CLANG_ANALYZER_NUMBER_OBJECT_CONVERSION = YES_AGGRESSIVE;
				CLANG_CXX_LANGUAGE_STANDARD = "gnu++20";
				CLANG_ENABLE_MODULES = YES;
				CLANG_ENABLE_OBJC_ARC = YES;
				CLANG_ENABLE_OBJC_WEAK = YES;
				CLANG_WARN_BLOCK_CAPTURE_AUTORELEASING = YES;
				CLANG_WARN_BOOL_CONVERSION = YES;
				CLANG_WARN_COMMA = YES;
				CLANG_WARN_CONSTANT_CONVERSION = YES;
				CLANG_WARN_DEPRECATED_OBJC_IMPLEMENTATIONS = YES;
				CLANG_WARN_DIRECT_OBJC_ISA_USAGE = YES_ERROR;
				CLANG_WARN_DOCUMENTATION_COMMENTS = YES;
				CLANG_WARN_EMPTY_BODY = YES;
				CLANG_WARN_ENUM_CONVERSION = YES;
				CLANG_WARN_INFINITE_RECURSION = YES;
				CLANG_WARN_INT_CONVERSION = YES;
				CLANG_WARN_NON_LITERAL_NULL_CONVERSION = YES;
				CLANG_WARN_OBJC_IMPLICIT_RETAIN_SELF = YES;
				CLANG_WARN_OBJC_LITERAL_CONVERSION = YES;
				CLANG_WARN_OBJC_ROOT_CLASS = YES_ERROR;
				CLANG_WARN_QUOTED_INCLUDE_IN_FRAMEWORK_HEADER = YES;
				CLANG_WARN_RANGE_LOOP_ANALYSIS = YES;
				CLANG_WARN_STRICT_PROTOTYPES = YES;
				CLANG_WARN_SUSPICIOUS_MOVE = YES;
				CLANG_WARN_UNGUARDED_AVAILABILITY = YES_AGGRESSIVE;
				CLANG_WARN_UNREACHABLE_CODE = YES;
				CLANG_WARN__DUPLICATE_METHOD_MATCH = YES;
				COPY_PHASE_STRIP = NO;
				DEBUG_INFORMATION_FORMAT = dwarf;
				ENABLE_STRICT_OBJC_MSGSEND = YES;
				ENABLE_TESTABILITY = YES;
				ENABLE_USER_SCRIPT_SANDBOXING = YES;
				GCC_C_LANGUAGE_STANDARD = gnu17;
				GCC_DYNAMIC_NO_PIC = NO;
				GCC_NO_COMMON_BLOCKS = YES;
				GCC_OPTIMIZATION_LEVEL = 0;
				GCC_PREPROCESSOR_DEFINITIONS = (
					"DEBUG=1",
					"$(inherited)",
				);
				GCC_WARN_64_TO_32_BIT_CONVERSION = YES;
				GCC_WARN_ABOUT_RETURN_TYPE = YES_ERROR;
				GCC_WARN_UNDECLARED_SELECTOR = YES;
				GCC_WARN_UNINITIALIZED_AUTOS = YES_AGGRESSIVE;
				GCC_WARN_UNUSED_FUNCTION = YES;
				GCC_WARN_UNUSED_VARIABLE = YES;
				IPHONEOS_DEPLOYMENT_TARGET = 17.5;
				LOCALIZATION_PREFERS_STRING_CATALOGS = YES;
				MTL_ENABLE_DEBUG_INFO = INCLUDE_SOURCE;
				MTL_FAST_MATH = YES;
				ONLY_ACTIVE_ARCH = YES;
				SDKROOT = iphoneos;
				SWIFT_ACTIVE_COMPILATION_CONDITIONS = "DEBUG $(inherited)";
				SWIFT_OPTIMIZATION_LEVEL = "-Onone";
			};
			name = Debug;
		};
		FBFE80182C8E230B00877C30 /* Release */ = {
			isa = XCBuildConfiguration;
			buildSettings = {
				ALWAYS_SEARCH_USER_PATHS = NO;
				ASSETCATALOG_COMPILER_GENERATE_SWIFT_ASSET_SYMBOL_EXTENSIONS = YES;
				CLANG_ANALYZER_NONNULL = YES;
				CLANG_ANALYZER_NUMBER_OBJECT_CONVERSION = YES_AGGRESSIVE;
				CLANG_CXX_LANGUAGE_STANDARD = "gnu++20";
				CLANG_ENABLE_MODULES = YES;
				CLANG_ENABLE_OBJC_ARC = YES;
				CLANG_ENABLE_OBJC_WEAK = YES;
				CLANG_WARN_BLOCK_CAPTURE_AUTORELEASING = YES;
				CLANG_WARN_BOOL_CONVERSION = YES;
				CLANG_WARN_COMMA = YES;
				CLANG_WARN_CONSTANT_CONVERSION = YES;
				CLANG_WARN_DEPRECATED_OBJC_IMPLEMENTATIONS = YES;
				CLANG_WARN_DIRECT_OBJC_ISA_USAGE = YES_ERROR;
				CLANG_WARN_DOCUMENTATION_COMMENTS = YES;
				CLANG_WARN_EMPTY_BODY = YES;
				CLANG_WARN_ENUM_CONVERSION = YES;
				CLANG_WARN_INFINITE_RECURSION = YES;
				CLANG_WARN_INT_CONVERSION = YES;
				CLANG_WARN_NON_LITERAL_NULL_CONVERSION = YES;
				CLANG_WARN_OBJC_IMPLICIT_RETAIN_SELF = YES;
				CLANG_WARN_OBJC_LITERAL_CONVERSION = YES;
				CLANG_WARN_OBJC_ROOT_CLASS = YES_ERROR;
				CLANG_WARN_QUOTED_INCLUDE_IN_FRAMEWORK_HEADER = YES;
				CLANG_WARN_RANGE_LOOP_ANALYSIS = YES;
				CLANG_WARN_STRICT_PROTOTYPES = YES;
				CLANG_WARN_SUSPICIOUS_MOVE = YES;
				CLANG_WARN_UNGUARDED_AVAILABILITY = YES_AGGRESSIVE;
				CLANG_WARN_UNREACHABLE_CODE = YES;
				CLANG_WARN__DUPLICATE_METHOD_MATCH = YES;
				COPY_PHASE_STRIP = NO;
				DEBUG_INFORMATION_FORMAT = "dwarf-with-dsym";
				ENABLE_NS_ASSERTIONS = NO;
				ENABLE_STRICT_OBJC_MSGSEND = YES;
				ENABLE_USER_SCRIPT_SANDBOXING = YES;
				GCC_C_LANGUAGE_STANDARD = gnu17;
				GCC_NO_COMMON_BLOCKS = YES;
				GCC_WARN_64_TO_32_BIT_CONVERSION = YES;
				GCC_WARN_ABOUT_RETURN_TYPE = YES_ERROR;
				GCC_WARN_UNDECLARED_SELECTOR = YES;
				GCC_WARN_UNINITIALIZED_AUTOS = YES_AGGRESSIVE;
				GCC_WARN_UNUSED_FUNCTION = YES;
				GCC_WARN_UNUSED_VARIABLE = YES;
				IPHONEOS_DEPLOYMENT_TARGET = 17.5;
				LOCALIZATION_PREFERS_STRING_CATALOGS = YES;
				MTL_ENABLE_DEBUG_INFO = NO;
				MTL_FAST_MATH = YES;
				SDKROOT = iphoneos;
				SWIFT_COMPILATION_MODE = wholemodule;
				VALIDATE_PRODUCT = YES;
			};
			name = Release;
		};
		FBFE801A2C8E230B00877C30 /* Debug */ = {
			isa = XCBuildConfiguration;
			buildSettings = {
				ASSETCATALOG_COMPILER_APPICON_NAME = AppIcon;
				ASSETCATALOG_COMPILER_GLOBAL_ACCENT_COLOR_NAME = AccentColor;
				CODE_SIGN_STYLE = Automatic;
				CURRENT_PROJECT_VERSION = 1;
				DEVELOPMENT_ASSET_PATHS = "\"PromovaTest/Preview Content\"";
				DEVELOPMENT_TEAM = 842J9T5RF7;
				ENABLE_PREVIEWS = YES;
				GENERATE_INFOPLIST_FILE = YES;
				INFOPLIST_KEY_UIApplicationSceneManifest_Generation = YES;
				INFOPLIST_KEY_UIApplicationSupportsIndirectInputEvents = YES;
				INFOPLIST_KEY_UILaunchScreen_Generation = YES;
				INFOPLIST_KEY_UISupportedInterfaceOrientations_iPad = "UIInterfaceOrientationPortrait UIInterfaceOrientationPortraitUpsideDown UIInterfaceOrientationLandscapeLeft UIInterfaceOrientationLandscapeRight";
				INFOPLIST_KEY_UISupportedInterfaceOrientations_iPhone = "UIInterfaceOrientationPortrait UIInterfaceOrientationLandscapeLeft UIInterfaceOrientationLandscapeRight";
				IPHONEOS_DEPLOYMENT_TARGET = 16.0;
				LD_RUNPATH_SEARCH_PATHS = (
					"$(inherited)",
					"@executable_path/Frameworks",
				);
				MARKETING_VERSION = 1.0;
				PRODUCT_BUNDLE_IDENTIFIER = NeYar.PromovaTest;
				PRODUCT_NAME = "$(TARGET_NAME)";
				SUPPORTED_PLATFORMS = "iphoneos iphonesimulator";
				SUPPORTS_MACCATALYST = NO;
				SUPPORTS_MAC_DESIGNED_FOR_IPHONE_IPAD = NO;
				SUPPORTS_XR_DESIGNED_FOR_IPHONE_IPAD = NO;
				SWIFT_EMIT_LOC_STRINGS = YES;
				SWIFT_VERSION = 5.0;
				TARGETED_DEVICE_FAMILY = 1;
			};
			name = Debug;
		};
		FBFE801B2C8E230B00877C30 /* Release */ = {
			isa = XCBuildConfiguration;
			buildSettings = {
				ASSETCATALOG_COMPILER_APPICON_NAME = AppIcon;
				ASSETCATALOG_COMPILER_GLOBAL_ACCENT_COLOR_NAME = AccentColor;
				CODE_SIGN_STYLE = Automatic;
				CURRENT_PROJECT_VERSION = 1;
				DEVELOPMENT_ASSET_PATHS = "\"PromovaTest/Preview Content\"";
				DEVELOPMENT_TEAM = 842J9T5RF7;
				ENABLE_PREVIEWS = YES;
				GENERATE_INFOPLIST_FILE = YES;
				INFOPLIST_KEY_UIApplicationSceneManifest_Generation = YES;
				INFOPLIST_KEY_UIApplicationSupportsIndirectInputEvents = YES;
				INFOPLIST_KEY_UILaunchScreen_Generation = YES;
				INFOPLIST_KEY_UISupportedInterfaceOrientations_iPad = "UIInterfaceOrientationPortrait UIInterfaceOrientationPortraitUpsideDown UIInterfaceOrientationLandscapeLeft UIInterfaceOrientationLandscapeRight";
				INFOPLIST_KEY_UISupportedInterfaceOrientations_iPhone = "UIInterfaceOrientationPortrait UIInterfaceOrientationLandscapeLeft UIInterfaceOrientationLandscapeRight";
				IPHONEOS_DEPLOYMENT_TARGET = 16.0;
				LD_RUNPATH_SEARCH_PATHS = (
					"$(inherited)",
					"@executable_path/Frameworks",
				);
				MARKETING_VERSION = 1.0;
				PRODUCT_BUNDLE_IDENTIFIER = NeYar.PromovaTest;
				PRODUCT_NAME = "$(TARGET_NAME)";
				SUPPORTED_PLATFORMS = "iphoneos iphonesimulator";
				SUPPORTS_MACCATALYST = NO;
				SUPPORTS_MAC_DESIGNED_FOR_IPHONE_IPAD = NO;
				SUPPORTS_XR_DESIGNED_FOR_IPHONE_IPAD = NO;
				SWIFT_EMIT_LOC_STRINGS = YES;
				SWIFT_VERSION = 5.0;
				TARGETED_DEVICE_FAMILY = 1;
			};
			name = Release;
		};
/* End XCBuildConfiguration section */

/* Begin XCConfigurationList section */
		FBFE80062C8E230900877C30 /* Build configuration list for PBXProject "PromovaTest" */ = {
			isa = XCConfigurationList;
			buildConfigurations = (
				FBFE80172C8E230B00877C30 /* Debug */,
				FBFE80182C8E230B00877C30 /* Release */,
			);
			defaultConfigurationIsVisible = 0;
			defaultConfigurationName = Release;
		};
		FBFE80192C8E230B00877C30 /* Build configuration list for PBXNativeTarget "PromovaTest" */ = {
			isa = XCConfigurationList;
			buildConfigurations = (
				FBFE801A2C8E230B00877C30 /* Debug */,
				FBFE801B2C8E230B00877C30 /* Release */,
			);
			defaultConfigurationIsVisible = 0;
			defaultConfigurationName = Release;
		};
/* End XCConfigurationList section */

/* Begin XCRemoteSwiftPackageReference section */
		FBFE80252C8E2A9000877C30 /* XCRemoteSwiftPackageReference "swift-composable-architecture" */ = {
			isa = XCRemoteSwiftPackageReference;
			repositoryURL = "https://github.com/pointfreeco/swift-composable-architecture";
			requirement = {
				kind = upToNextMajorVersion;
				minimumVersion = 1.14.0;
			};
		};
/* End XCRemoteSwiftPackageReference section */

/* Begin XCSwiftPackageProductDependency section */
		FBFE80262C8E2A9000877C30 /* ComposableArchitecture */ = {
			isa = XCSwiftPackageProductDependency;
			package = FBFE80252C8E2A9000877C30 /* XCRemoteSwiftPackageReference "swift-composable-architecture" */;
			productName = ComposableArchitecture;
		};
/* End XCSwiftPackageProductDependency section */
	};
	rootObject = FBFE80032C8E230900877C30 /* Project object */;
}
